{
  "name": "railsbrary",
  "version": "1.0.0",
  "lockfileVersion": 1,
  "requires": true,
  "dependencies": {
    "@chenfengyuan/datepicker": {
      "version": "1.0.0-beta",
      "resolved": "https://registry.npmjs.org/@chenfengyuan/datepicker/-/datepicker-1.0.0-beta.tgz",
      "integrity": "sha512-uryM7yENkmeuqcKKFoHAPoegh7S+ZpLVb+8hcnMkNK32S9wXCfXI9Nsmfei6aRcV74BEwvzVuHd3i5fq4v+ZjA=="
    },
    "bulma": {
      "version": "0.7.1",
      "resolved": "https://registry.npmjs.org/bulma/-/bulma-0.7.1.tgz",
      "integrity": "sha512-wRSO2LXB+qI9Pyz2id+uZr4quz5aftSN7Ay1ysr1+krzVp3utD+Ci4CeKuZdrYGc800t65b7heXBL6qw2Wo/lQ=="
    }
  }
}
